// !$*UTF8*$!
{
	archiveVersion = 1;
	classes = {
	};
	objectVersion = 56;
	objects = {

/* Begin PBXBuildFile section */
		8D58E2212B45A2C700A4A460 /* AppDelegate.swift in Sources */ = {isa = PBXBuildFile; fileRef = 8D58E2202B45A2C700A4A460 /* AppDelegate.swift */; };
		8D58E2232B45A2C700A4A460 /* SceneDelegate.swift in Sources */ = {isa = PBXBuildFile; fileRef = 8D58E2222B45A2C700A4A460 /* SceneDelegate.swift */; };
		8D58E2252B45A2C700A4A460 /* MainTabBarViewController.swift in Sources */ = {isa = PBXBuildFile; fileRef = 8D58E2242B45A2C700A4A460 /* MainTabBarViewController.swift */; };
		8D58E22A2B45A2C800A4A460 /* Assets.xcassets in Resources */ = {isa = PBXBuildFile; fileRef = 8D58E2292B45A2C800A4A460 /* Assets.xcassets */; };
		8D58E22D2B45A2C800A4A460 /* LaunchScreen.storyboard in Resources */ = {isa = PBXBuildFile; fileRef = 8D58E22B2B45A2C800A4A460 /* LaunchScreen.storyboard */; };
		8D58E2362B45A53100A4A460 /* HomeViewController.swift in Sources */ = {isa = PBXBuildFile; fileRef = 8D58E2352B45A53100A4A460 /* HomeViewController.swift */; };
		8D58E2382B45A58000A4A460 /* UpcomingViewController.swift in Sources */ = {isa = PBXBuildFile; fileRef = 8D58E2372B45A58000A4A460 /* UpcomingViewController.swift */; };
		8D58E23A2B45A5D400A4A460 /* SearchViewController.swift in Sources */ = {isa = PBXBuildFile; fileRef = 8D58E2392B45A5D400A4A460 /* SearchViewController.swift */; };
		8D58E23C2B45A60B00A4A460 /* DownloadsViewController.swift in Sources */ = {isa = PBXBuildFile; fileRef = 8D58E23B2B45A60B00A4A460 /* DownloadsViewController.swift */; };
		8D58E2432B45B1C900A4A460 /* CollectionViewTableViewCell.swift in Sources */ = {isa = PBXBuildFile; fileRef = 8D58E2422B45B1C900A4A460 /* CollectionViewTableViewCell.swift */; };
		8D58E2452B45CD0100A4A460 /* HeroHeaderUIView.swift in Sources */ = {isa = PBXBuildFile; fileRef = 8D58E2442B45CD0100A4A460 /* HeroHeaderUIView.swift */; };
		8D58E2472B46C2FA00A4A460 /* APICaller.swift in Sources */ = {isa = PBXBuildFile; fileRef = 8D58E2462B46C2FA00A4A460 /* APICaller.swift */; };
		8D58E2492B46CC1F00A4A460 /* Title.swift in Sources */ = {isa = PBXBuildFile; fileRef = 8D58E2482B46CC1F00A4A460 /* Title.swift */; };
		8D58E24B2B46D00700A4A460 /* Extensions.swift in Sources */ = {isa = PBXBuildFile; fileRef = 8D58E24A2B46D00700A4A460 /* Extensions.swift */; };
/* End PBXBuildFile section */

/* Begin PBXFileReference section */
		8D58E21D2B45A2C700A4A460 /* Netflix clone.app */ = {isa = PBXFileReference; explicitFileType = wrapper.application; includeInIndex = 0; path = "Netflix clone.app"; sourceTree = BUILT_PRODUCTS_DIR; };
		8D58E2202B45A2C700A4A460 /* AppDelegate.swift */ = {isa = PBXFileReference; lastKnownFileType = sourcecode.swift; path = AppDelegate.swift; sourceTree = "<group>"; };
		8D58E2222B45A2C700A4A460 /* SceneDelegate.swift */ = {isa = PBXFileReference; lastKnownFileType = sourcecode.swift; path = SceneDelegate.swift; sourceTree = "<group>"; };
		8D58E2242B45A2C700A4A460 /* MainTabBarViewController.swift */ = {isa = PBXFileReference; lastKnownFileType = sourcecode.swift; path = MainTabBarViewController.swift; sourceTree = "<group>"; };
		8D58E2292B45A2C800A4A460 /* Assets.xcassets */ = {isa = PBXFileReference; lastKnownFileType = folder.assetcatalog; path = Assets.xcassets; sourceTree = "<group>"; };
		8D58E22C2B45A2C800A4A460 /* Base */ = {isa = PBXFileReference; lastKnownFileType = file.storyboard; name = Base; path = Base.lproj/LaunchScreen.storyboard; sourceTree = "<group>"; };
		8D58E22E2B45A2C800A4A460 /* Info.plist */ = {isa = PBXFileReference; lastKnownFileType = text.plist.xml; path = Info.plist; sourceTree = "<group>"; };
		8D58E2352B45A53100A4A460 /* HomeViewController.swift */ = {isa = PBXFileReference; lastKnownFileType = sourcecode.swift; path = HomeViewController.swift; sourceTree = "<group>"; };
		8D58E2372B45A58000A4A460 /* UpcomingViewController.swift */ = {isa = PBXFileReference; lastKnownFileType = sourcecode.swift; path = UpcomingViewController.swift; sourceTree = "<group>"; };
		8D58E2392B45A5D400A4A460 /* SearchViewController.swift */ = {isa = PBXFileReference; lastKnownFileType = sourcecode.swift; path = SearchViewController.swift; sourceTree = "<group>"; };
		8D58E23B2B45A60B00A4A460 /* DownloadsViewController.swift */ = {isa = PBXFileReference; lastKnownFileType = sourcecode.swift; path = DownloadsViewController.swift; sourceTree = "<group>"; };
		8D58E2422B45B1C900A4A460 /* CollectionViewTableViewCell.swift */ = {isa = PBXFileReference; lastKnownFileType = sourcecode.swift; path = CollectionViewTableViewCell.swift; sourceTree = "<group>"; };
		8D58E2442B45CD0100A4A460 /* HeroHeaderUIView.swift */ = {isa = PBXFileReference; lastKnownFileType = sourcecode.swift; path = HeroHeaderUIView.swift; sourceTree = "<group>"; };
		8D58E2462B46C2FA00A4A460 /* APICaller.swift */ = {isa = PBXFileReference; lastKnownFileType = sourcecode.swift; path = APICaller.swift; sourceTree = "<group>"; };
		8D58E2482B46CC1F00A4A460 /* Title.swift */ = {isa = PBXFileReference; lastKnownFileType = sourcecode.swift; path = Title.swift; sourceTree = "<group>"; };
		8D58E24A2B46D00700A4A460 /* Extensions.swift */ = {isa = PBXFileReference; lastKnownFileType = sourcecode.swift; path = Extensions.swift; sourceTree = "<group>"; };
/* End PBXFileReference section */

/* Begin PBXFrameworksBuildPhase section */
		8D58E21A2B45A2C700A4A460 /* Frameworks */ = {
			isa = PBXFrameworksBuildPhase;
			buildActionMask = 2147483647;
			files = (
			);
			runOnlyForDeploymentPostprocessing = 0;
		};
/* End PBXFrameworksBuildPhase section */

/* Begin PBXGroup section */
		8D58E2142B45A2C700A4A460 = {
			isa = PBXGroup;
			children = (
				8D58E21F2B45A2C700A4A460 /* Netflix clone */,
				8D58E21E2B45A2C700A4A460 /* Products */,
			);
			sourceTree = "<group>";
		};
		8D58E21E2B45A2C700A4A460 /* Products */ = {
			isa = PBXGroup;
			children = (
				8D58E21D2B45A2C700A4A460 /* Netflix clone.app */,
			);
			name = Products;
			sourceTree = "<group>";
		};
		8D58E21F2B45A2C700A4A460 /* Netflix clone */ = {
			isa = PBXGroup;
			children = (
				8D58E2412B45B18700A4A460 /* Managers */,
				8D58E2402B45B16C00A4A460 /* Resources */,
				8D58E23F2B45B12D00A4A460 /* Models */,
				8D58E23D2B45B10300A4A460 /* Views */,
				8D58E23E2B45B11B00A4A460 /* ViewModels */,
				8D58E2342B45A4DC00A4A460 /* Controllers */,
				8D58E2202B45A2C700A4A460 /* AppDelegate.swift */,
				8D58E2222B45A2C700A4A460 /* SceneDelegate.swift */,
				8D58E2242B45A2C700A4A460 /* MainTabBarViewController.swift */,
				8D58E2292B45A2C800A4A460 /* Assets.xcassets */,
				8D58E22B2B45A2C800A4A460 /* LaunchScreen.storyboard */,
				8D58E22E2B45A2C800A4A460 /* Info.plist */,
			);
			path = "Netflix clone";
			sourceTree = "<group>";
		};
		8D58E2342B45A4DC00A4A460 /* Controllers */ = {
			isa = PBXGroup;
			children = (
				8D58E2352B45A53100A4A460 /* HomeViewController.swift */,
				8D58E2372B45A58000A4A460 /* UpcomingViewController.swift */,
				8D58E2392B45A5D400A4A460 /* SearchViewController.swift */,
				8D58E23B2B45A60B00A4A460 /* DownloadsViewController.swift */,
			);
			path = Controllers;
			sourceTree = "<group>";
		};
		8D58E23D2B45B10300A4A460 /* Views */ = {
			isa = PBXGroup;
			children = (
				8D58E2422B45B1C900A4A460 /* CollectionViewTableViewCell.swift */,
				8D58E2442B45CD0100A4A460 /* HeroHeaderUIView.swift */,
			);
			path = Views;
			sourceTree = "<group>";
		};
		8D58E23E2B45B11B00A4A460 /* ViewModels */ = {
			isa = PBXGroup;
			children = (
			);
			path = ViewModels;
			sourceTree = "<group>";
		};
		8D58E23F2B45B12D00A4A460 /* Models */ = {
			isa = PBXGroup;
			children = (
				8D58E2482B46CC1F00A4A460 /* Title.swift */,
			);
			path = Models;
			sourceTree = "<group>";
		};
		8D58E2402B45B16C00A4A460 /* Resources */ = {
			isa = PBXGroup;
			children = (
				8D58E24A2B46D00700A4A460 /* Extensions.swift */,
			);
			path = Resources;
			sourceTree = "<group>";
		};
		8D58E2412B45B18700A4A460 /* Managers */ = {
			isa = PBXGroup;
			children = (
				8D58E2462B46C2FA00A4A460 /* APICaller.swift */,
			);
			path = Managers;
			sourceTree = "<group>";
		};
/* End PBXGroup section */

/* Begin PBXNativeTarget section */
		8D58E21C2B45A2C700A4A460 /* Netflix clone */ = {
			isa = PBXNativeTarget;
			buildConfigurationList = 8D58E2312B45A2C800A4A460 /* Build configuration list for PBXNativeTarget "Netflix clone" */;
			buildPhases = (
				8D58E2192B45A2C700A4A460 /* Sources */,
				8D58E21A2B45A2C700A4A460 /* Frameworks */,
				8D58E21B2B45A2C700A4A460 /* Resources */,
			);
			buildRules = (
			);
			dependencies = (
			);
			name = "Netflix clone";
			productName = "Netflix clone";
			productReference = 8D58E21D2B45A2C700A4A460 /* Netflix clone.app */;
			productType = "com.apple.product-type.application";
		};
/* End PBXNativeTarget section */

/* Begin PBXProject section */
		8D58E2152B45A2C700A4A460 /* Project object */ = {
			isa = PBXProject;
			attributes = {
				BuildIndependentTargetsInParallel = 1;
				LastSwiftUpdateCheck = 1500;
				LastUpgradeCheck = 1500;
				TargetAttributes = {
					8D58E21C2B45A2C700A4A460 = {
						CreatedOnToolsVersion = 15.0.1;
					};
				};
			};
			buildConfigurationList = 8D58E2182B45A2C700A4A460 /* Build configuration list for PBXProject "Netflix clone" */;
			compatibilityVersion = "Xcode 14.0";
			developmentRegion = en;
			hasScannedForEncodings = 0;
			knownRegions = (
				en,
				Base,
			);
			mainGroup = 8D58E2142B45A2C700A4A460;
			productRefGroup = 8D58E21E2B45A2C700A4A460 /* Products */;
			projectDirPath = "";
			projectRoot = "";
			targets = (
				8D58E21C2B45A2C700A4A460 /* Netflix clone */,
			);
		};
/* End PBXProject section */

/* Begin PBXResourcesBuildPhase section */
		8D58E21B2B45A2C700A4A460 /* Resources */ = {
			isa = PBXResourcesBuildPhase;
			buildActionMask = 2147483647;
			files = (
				8D58E22D2B45A2C800A4A460 /* LaunchScreen.storyboard in Resources */,
				8D58E22A2B45A2C800A4A460 /* Assets.xcassets in Resources */,
			);
			runOnlyForDeploymentPostprocessing = 0;
		};
/* End PBXResourcesBuildPhase section */

/* Begin PBXSourcesBuildPhase section */
		8D58E2192B45A2C700A4A460 /* Sources */ = {
			isa = PBXSourcesBuildPhase;
			buildActionMask = 2147483647;
			files = (
				8D58E23A2B45A5D400A4A460 /* SearchViewController.swift in Sources */,
				8D58E2252B45A2C700A4A460 /* MainTabBarViewController.swift in Sources */,
				8D58E2432B45B1C900A4A460 /* CollectionViewTableViewCell.swift in Sources */,
				8D58E2472B46C2FA00A4A460 /* APICaller.swift in Sources */,
				8D58E2452B45CD0100A4A460 /* HeroHeaderUIView.swift in Sources */,
				8D58E23C2B45A60B00A4A460 /* DownloadsViewController.swift in Sources */,
				8D58E2212B45A2C700A4A460 /* AppDelegate.swift in Sources */,
				8D58E24B2B46D00700A4A460 /* Extensions.swift in Sources */,
				8D58E2232B45A2C700A4A460 /* SceneDelegate.swift in Sources */,
				8D58E2382B45A58000A4A460 /* UpcomingViewController.swift in Sources */,
				8D58E2492B46CC1F00A4A460 /* Title.swift in Sources */,
				8D58E2362B45A53100A4A460 /* HomeViewController.swift in Sources */,
			);
			runOnlyForDeploymentPostprocessing = 0;
		};
/* End PBXSourcesBuildPhase section */

/* Begin PBXVariantGroup section */
		8D58E22B2B45A2C800A4A460 /* LaunchScreen.storyboard */ = {
			isa = PBXVariantGroup;
			children = (
				8D58E22C2B45A2C800A4A460 /* Base */,
			);
			name = LaunchScreen.storyboard;
			sourceTree = "<group>";
		};
/* End PBXVariantGroup section */

/* Begin XCBuildConfiguration section */
		8D58E22F2B45A2C800A4A460 /* Debug */ = {
			isa = XCBuildConfiguration;
			buildSettings = {
				ALWAYS_SEARCH_USER_PATHS = NO;
				ASSETCATALOG_COMPILER_GENERATE_SWIFT_ASSET_SYMBOL_EXTENSIONS = YES;
				CLANG_ANALYZER_NONNULL = YES;
				CLANG_ANALYZER_NUMBER_OBJECT_CONVERSION = YES_AGGRESSIVE;
				CLANG_CXX_LANGUAGE_STANDARD = "gnu++20";
				CLANG_ENABLE_MODULES = YES;
				CLANG_ENABLE_OBJC_ARC = YES;
				CLANG_ENABLE_OBJC_WEAK = YES;
				CLANG_WARN_BLOCK_CAPTURE_AUTORELEASING = YES;
				CLANG_WARN_BOOL_CONVERSION = YES;
				CLANG_WARN_COMMA = YES;
				CLANG_WARN_CONSTANT_CONVERSION = YES;
				CLANG_WARN_DEPRECATED_OBJC_IMPLEMENTATIONS = YES;
				CLANG_WARN_DIRECT_OBJC_ISA_USAGE = YES_ERROR;
				CLANG_WARN_DOCUMENTATION_COMMENTS = YES;
				CLANG_WARN_EMPTY_BODY = YES;
				CLANG_WARN_ENUM_CONVERSION = YES;
				CLANG_WARN_INFINITE_RECURSION = YES;
				CLANG_WARN_INT_CONVERSION = YES;
				CLANG_WARN_NON_LITERAL_NULL_CONVERSION = YES;
				CLANG_WARN_OBJC_IMPLICIT_RETAIN_SELF = YES;
				CLANG_WARN_OBJC_LITERAL_CONVERSION = YES;
				CLANG_WARN_OBJC_ROOT_CLASS = YES_ERROR;
				CLANG_WARN_QUOTED_INCLUDE_IN_FRAMEWORK_HEADER = YES;
				CLANG_WARN_RANGE_LOOP_ANALYSIS = YES;
				CLANG_WARN_STRICT_PROTOTYPES = YES;
				CLANG_WARN_SUSPICIOUS_MOVE = YES;
				CLANG_WARN_UNGUARDED_AVAILABILITY = YES_AGGRESSIVE;
				CLANG_WARN_UNREACHABLE_CODE = YES;
				CLANG_WARN__DUPLICATE_METHOD_MATCH = YES;
				COPY_PHASE_STRIP = NO;
				DEBUG_INFORMATION_FORMAT = dwarf;
				ENABLE_STRICT_OBJC_MSGSEND = YES;
				ENABLE_TESTABILITY = YES;
				ENABLE_USER_SCRIPT_SANDBOXING = YES;
				GCC_C_LANGUAGE_STANDARD = gnu17;
				GCC_DYNAMIC_NO_PIC = NO;
				GCC_NO_COMMON_BLOCKS = YES;
				GCC_OPTIMIZATION_LEVEL = 0;
				GCC_PREPROCESSOR_DEFINITIONS = (
					"DEBUG=1",
					"$(inherited)",
				);
				GCC_WARN_64_TO_32_BIT_CONVERSION = YES;
				GCC_WARN_ABOUT_RETURN_TYPE = YES_ERROR;
				GCC_WARN_UNDECLARED_SELECTOR = YES;
				GCC_WARN_UNINITIALIZED_AUTOS = YES_AGGRESSIVE;
				GCC_WARN_UNUSED_FUNCTION = YES;
				GCC_WARN_UNUSED_VARIABLE = YES;
				IPHONEOS_DEPLOYMENT_TARGET = 17.0;
				LOCALIZATION_PREFERS_STRING_CATALOGS = YES;
				MTL_ENABLE_DEBUG_INFO = INCLUDE_SOURCE;
				MTL_FAST_MATH = YES;
				ONLY_ACTIVE_ARCH = YES;
				SDKROOT = iphoneos;
				SWIFT_ACTIVE_COMPILATION_CONDITIONS = "DEBUG $(inherited)";
				SWIFT_OPTIMIZATION_LEVEL = "-Onone";
			};
			name = Debug;
		};
		8D58E2302B45A2C800A4A460 /* Release */ = {
			isa = XCBuildConfiguration;
			buildSettings = {
				ALWAYS_SEARCH_USER_PATHS = NO;
				ASSETCATALOG_COMPILER_GENERATE_SWIFT_ASSET_SYMBOL_EXTENSIONS = YES;
				CLANG_ANALYZER_NONNULL = YES;
				CLANG_ANALYZER_NUMBER_OBJECT_CONVERSION = YES_AGGRESSIVE;
				CLANG_CXX_LANGUAGE_STANDARD = "gnu++20";
				CLANG_ENABLE_MODULES = YES;
				CLANG_ENABLE_OBJC_ARC = YES;
				CLANG_ENABLE_OBJC_WEAK = YES;
				CLANG_WARN_BLOCK_CAPTURE_AUTORELEASING = YES;
				CLANG_WARN_BOOL_CONVERSION = YES;
				CLANG_WARN_COMMA = YES;
				CLANG_WARN_CONSTANT_CONVERSION = YES;
				CLANG_WARN_DEPRECATED_OBJC_IMPLEMENTATIONS = YES;
				CLANG_WARN_DIRECT_OBJC_ISA_USAGE = YES_ERROR;
				CLANG_WARN_DOCUMENTATION_COMMENTS = YES;
				CLANG_WARN_EMPTY_BODY = YES;
				CLANG_WARN_ENUM_CONVERSION = YES;
				CLANG_WARN_INFINITE_RECURSION = YES;
				CLANG_WARN_INT_CONVERSION = YES;
				CLANG_WARN_NON_LITERAL_NULL_CONVERSION = YES;
				CLANG_WARN_OBJC_IMPLICIT_RETAIN_SELF = YES;
				CLANG_WARN_OBJC_LITERAL_CONVERSION = YES;
				CLANG_WARN_OBJC_ROOT_CLASS = YES_ERROR;
				CLANG_WARN_QUOTED_INCLUDE_IN_FRAMEWORK_HEADER = YES;
				CLANG_WARN_RANGE_LOOP_ANALYSIS = YES;
				CLANG_WARN_STRICT_PROTOTYPES = YES;
				CLANG_WARN_SUSPICIOUS_MOVE = YES;
				CLANG_WARN_UNGUARDED_AVAILABILITY = YES_AGGRESSIVE;
				CLANG_WARN_UNREACHABLE_CODE = YES;
				CLANG_WARN__DUPLICATE_METHOD_MATCH = YES;
				COPY_PHASE_STRIP = NO;
				DEBUG_INFORMATION_FORMAT = "dwarf-with-dsym";
				ENABLE_NS_ASSERTIONS = NO;
				ENABLE_STRICT_OBJC_MSGSEND = YES;
				ENABLE_USER_SCRIPT_SANDBOXING = YES;
				GCC_C_LANGUAGE_STANDARD = gnu17;
				GCC_NO_COMMON_BLOCKS = YES;
				GCC_WARN_64_TO_32_BIT_CONVERSION = YES;
				GCC_WARN_ABOUT_RETURN_TYPE = YES_ERROR;
				GCC_WARN_UNDECLARED_SELECTOR = YES;
				GCC_WARN_UNINITIALIZED_AUTOS = YES_AGGRESSIVE;
				GCC_WARN_UNUSED_FUNCTION = YES;
				GCC_WARN_UNUSED_VARIABLE = YES;
				IPHONEOS_DEPLOYMENT_TARGET = 17.0;
				LOCALIZATION_PREFERS_STRING_CATALOGS = YES;
				MTL_ENABLE_DEBUG_INFO = NO;
				MTL_FAST_MATH = YES;
				SDKROOT = iphoneos;
				SWIFT_COMPILATION_MODE = wholemodule;
				VALIDATE_PRODUCT = YES;
			};
			name = Release;
		};
		8D58E2322B45A2C800A4A460 /* Debug */ = {
			isa = XCBuildConfiguration;
			buildSettings = {
				ASSETCATALOG_COMPILER_APPICON_NAME = AppIcon;
				ASSETCATALOG_COMPILER_GLOBAL_ACCENT_COLOR_NAME = AccentColor;
				CODE_SIGN_STYLE = Automatic;
				CURRENT_PROJECT_VERSION = 1;
				GENERATE_INFOPLIST_FILE = YES;
				INFOPLIST_FILE = "Netflix clone/Info.plist";
				INFOPLIST_KEY_UIApplicationSupportsIndirectInputEvents = YES;
				INFOPLIST_KEY_UILaunchStoryboardName = LaunchScreen;
				INFOPLIST_KEY_UISupportedInterfaceOrientations_iPad = "UIInterfaceOrientationPortrait UIInterfaceOrientationPortraitUpsideDown UIInterfaceOrientationLandscapeLeft UIInterfaceOrientationLandscapeRight";
				INFOPLIST_KEY_UISupportedInterfaceOrientations_iPhone = "UIInterfaceOrientationPortrait UIInterfaceOrientationLandscapeLeft UIInterfaceOrientationLandscapeRight";
				LD_RUNPATH_SEARCH_PATHS = (
					"$(inherited)",
					"@executable_path/Frameworks",
				);
				MARKETING_VERSION = 1.0;
				PRODUCT_BUNDLE_IDENTIFIER = "com.leoios.Netflix-clone";
				PRODUCT_NAME = "$(TARGET_NAME)";
				SWIFT_EMIT_LOC_STRINGS = YES;
				SWIFT_VERSION = 5.0;
				TARGETED_DEVICE_FAMILY = "1,2";
			};
			name = Debug;
		};
		8D58E2332B45A2C800A4A460 /* Release */ = {
			isa = XCBuildConfiguration;
			buildSettings = {
				ASSETCATALOG_COMPILER_APPICON_NAME = AppIcon;
				ASSETCATALOG_COMPILER_GLOBAL_ACCENT_COLOR_NAME = AccentColor;
				CODE_SIGN_STYLE = Automatic;
				CURRENT_PROJECT_VERSION = 1;
				GENERATE_INFOPLIST_FILE = YES;
				INFOPLIST_FILE = "Netflix clone/Info.plist";
				INFOPLIST_KEY_UIApplicationSupportsIndirectInputEvents = YES;
				INFOPLIST_KEY_UILaunchStoryboardName = LaunchScreen;
				INFOPLIST_KEY_UISupportedInterfaceOrientations_iPad = "UIInterfaceOrientationPortrait UIInterfaceOrientationPortraitUpsideDown UIInterfaceOrientationLandscapeLeft UIInterfaceOrientationLandscapeRight";
				INFOPLIST_KEY_UISupportedInterfaceOrientations_iPhone = "UIInterfaceOrientationPortrait UIInterfaceOrientationLandscapeLeft UIInterfaceOrientationLandscapeRight";
				LD_RUNPATH_SEARCH_PATHS = (
					"$(inherited)",
					"@executable_path/Frameworks",
				);
				MARKETING_VERSION = 1.0;
				PRODUCT_BUNDLE_IDENTIFIER = "com.leoios.Netflix-clone";
				PRODUCT_NAME = "$(TARGET_NAME)";
				SWIFT_EMIT_LOC_STRINGS = YES;
				SWIFT_VERSION = 5.0;
				TARGETED_DEVICE_FAMILY = "1,2";
			};
			name = Release;
		};
/* End XCBuildConfiguration section */

/* Begin XCConfigurationList section */
		8D58E2182B45A2C700A4A460 /* Build configuration list for PBXProject "Netflix clone" */ = {
			isa = XCConfigurationList;
			buildConfigurations = (
				8D58E22F2B45A2C800A4A460 /* Debug */,
				8D58E2302B45A2C800A4A460 /* Release */,
			);
			defaultConfigurationIsVisible = 0;
			defaultConfigurationName = Release;
		};
		8D58E2312B45A2C800A4A460 /* Build configuration list for PBXNativeTarget "Netflix clone" */ = {
			isa = XCConfigurationList;
			buildConfigurations = (
				8D58E2322B45A2C800A4A460 /* Debug */,
				8D58E2332B45A2C800A4A460 /* Release */,
			);
			defaultConfigurationIsVisible = 0;
			defaultConfigurationName = Release;
		};
/* End XCConfigurationList section */
	};
	rootObject = 8D58E2152B45A2C700A4A460 /* Project object */;
}
